PODS:
  - Flutter (1.0.0)
  - flutter_help_crunch (0.0.1):
    - Flutter
    - HelpCrunchSDK (~> 4.0)
  - HelpCrunchSDK (4.2.4)
  - integration_test (0.0.1):
    - Flutter

DEPENDENCIES:
  - Flutter (from `Flutter`)
  - flutter_help_crunch (from `.symlinks/plugins/flutter_help_crunch/ios`)
  - integration_test (from `.symlinks/plugins/integration_test/ios`)

SPEC REPOS:
  trunk:
    - HelpCrunchSDK

EXTERNAL SOURCES:
  Flutter:
    :path: Flutter
  flutter_help_crunch:
    :path: ".symlinks/plugins/flutter_help_crunch/ios"
  integration_test:
    :path: ".symlinks/plugins/integration_test/ios"

SPEC CHECKSUMS:
  Flutter: e0871f40cf51350855a761d2e70bf5af5b9b5de7
  flutter_help_crunch: 8b2a76b130aea1cb58102239849f7d76ea62eabb
  HelpCrunchSDK: 5537c3b927937416637273361e6faa13e6472a6d
  integration_test: 252f60fa39af5e17c3aa9899d35d908a0721b573

PODFILE CHECKSUM: 4305caec6b40dde0ae97be1573c53de1882a07e5

COCOAPODS: 1.15.2
